<?xml version="1.0" encoding="UTF-8" standalone="yes" ?>
<CodeBlocks_project_file>
	<FileVersion major="1" minor="6" />
	<Project>
		<Option title="ascede" />
		<Option pch_mode="2" />
		<Option compiler="gcc" />
		<Build>
			<Target title="Debug">
				<Option output="bin/Debug/ascede" prefix_auto="1" extension_auto="1" />
				<Option working_dir="" />
				<Option object_output="obj/Debug/" />
				<Option type="2" />
				<Option compiler="gcc" />
				<Compiler>
					<Add option="-Og" />
				</Compiler>
				<Linker>
					<Add option="-s" />
				</Linker>
			</Target>
			<Target title="Release">
				<Option output="bin/Release/ascede" prefix_auto="1" extension_auto="1" />
				<Option working_dir="" />
				<Option object_output="obj/Release/" />
				<Option type="2" />
				<Option compiler="gcc" />
				<Compiler>
					<Add option="-O2" />
				</Compiler>
				<Linker>
					<Add option="-s" />
				</Linker>
			</Target>
		</Build>
		<Compiler>
			<Add option="-Wall" />
			<Add option="-std=c99" />
			<Add option="-m32" />
			<Add option="-lgdi32 -lopengl32" />
		</Compiler>
		<Linker>
			<Add option="-s" />
			<Add option="-static" />
			<Add option="-m32" />
		</Linker>
		<Unit filename="ascede.h" />
		<Unit filename="config.h" />
		<Unit filename="patch.c">
			<Option compilerVar="CC" />
		</Unit>
		<Unit filename="patch.h" />
		<Unit filename="raudio.c">
			<Option compilerVar="CC" />
		</Unit>
		<Unit filename="raudio.h" />
		<Unit filename="raymath.h" />
		<Unit filename="rcore.c">
			<Option compilerVar="CC" />
		</Unit>
		<Unit filename="rglfw.c">
			<Option compilerVar="CC" />
		</Unit>
		<Unit filename="rlgl.h" />
		<Unit filename="rshapes.c">
			<Option compilerVar="CC" />
		</Unit>
		<Unit filename="rtext.c">
			<Option compilerVar="CC" />
		</Unit>
		<Unit filename="rtextures.c">
			<Option compilerVar="CC" />
		</Unit>
		<Unit filename="utils.c">
			<Option compilerVar="CC" />
		</Unit>
		<Unit filename="utils.h" />
		<Extensions />
	</Project>
</CodeBlocks_project_file>
