<?xml version="1.0" encoding="UTF-8" standalone="yes" ?>
<CodeBlocks_project_file>
	<FileVersion major="1" minor="6" />
	<Project>
		<Option title="ascede" />
		<Option pch_mode="2" />
		<Option compiler="gcc" />
		<Build>
			<Target title="Debug">
				<Option output="bin/Debug/ascede" prefix_auto="1" extension_auto="1" />
				<Option working_dir="" />
				<Option object_output="obj/Debug/" />
				<Option type="2" />
				<Option compiler="gcc" />
				<Compiler>
					<Add option="-Og" />
				</Compiler>
				<Linker>
					<Add option="-s" />
				</Linker>
			</Target>
			<Target title="Release">
				<Option output="bin/Release/ascede" prefix_auto="1" extension_auto="1" />
				<Option working_dir="" />
				<Option object_output="obj/Release/" />
				<Option type="2" />
				<Option compiler="gcc" />
				<Compiler>
					<Add option="-Os" />
					<Add option="-m32" />
				</Compiler>
				<Linker>
					<Add option="-s" />
					<Add option="-static-libgcc" />
					<Add option="-static" />
					<Add option="-m32" />
				</Linker>
			</Target>
			<Target title="Test">
				<Option output="../ascede" prefix_auto="1" extension_auto="1" />
				<Option working_dir="../../ascede" />
				<Option type="0" />
				<Option compiler="gcc" />
				<Compiler>
					<Add option="-fomit-frame-pointer" />
					<Add option="-Os" />
					<Add option="-m32" />
				</Compiler>
				<Linker>
					<Add option="-s" />
					<Add option="-static-libgcc" />
					<Add option="-static" />
					<Add option="-m32" />
					<Add library="bin/Release/libascede.a" />
					<Add library="../win32_lib/libgdi32.a" />
					<Add library="../win32_lib/libopengl32.a" />
				</Linker>
			</Target>
			<Target title="DLL">
				<Option output="bin/DLL/ascede" prefix_auto="1" extension_auto="1" />
				<Option working_dir="bin/DLL" />
				<Option object_output="obj/DLL/" />
				<Option type="3" />
				<Option compiler="gcc" />
				<Option createStaticLib="1" />
				<Compiler>
					<Add option="-fexpensive-optimizations" />
					<Add option="-O2" />
					<Add option="-fPIC" />
					<Add option="-m32" />
				</Compiler>
				<Linker>
					<Add option="-s" />
					<Add option="-static-libgcc" />
					<Add option="-static" />
					<Add option="-m32" />
					<Add library="../win32_lib/libgdi32.a" />
					<Add library="../win32_lib/libopengl32.a" />
				</Linker>
			</Target>
			<Target title="Test_DLL">
				<Option output="bin/DLL/ascede" prefix_auto="1" extension_auto="1" />
				<Option working_dir="bin/DLL" />
				<Option object_output="obj/DLL/" />
				<Option external_deps="bin/DLL/ascede.dll;" />
				<Option type="0" />
				<Option compiler="gcc" />
				<Compiler>
					<Add option="-fomit-frame-pointer" />
					<Add option="-flto" />
					<Add option="-Os" />
					<Add option="-m32" />
				</Compiler>
				<Linker>
					<Add option="-flto" />
					<Add option="-s" />
					<Add option="-static-libgcc" />
					<Add option="-static" />
					<Add option="-m32" />
					<Add library="bin/DLL/libascede.a" />
					<Add library="../win32_lib/libgdi32.a" />
					<Add library="../win32_lib/libopengl32.a" />
				</Linker>
			</Target>
		</Build>
		<Compiler>
			<Add option="-Wall" />
			<Add option="-std=c99" />
			<Add option="-m32" />
			<Add option="-lgdi32 -lopengl32" />
		</Compiler>
		<Linker>
			<Add option="-s" />
			<Add option="-static" />
			<Add option="-m32" />
		</Linker>
		<Unit filename="../minimal.c">
			<Option compilerVar="CC" />
			<Option target="Test" />
			<Option target="Test_DLL" />
		</Unit>
		<Unit filename="ascede.h" />
		<Unit filename="ascmem.c">
			<Option compilerVar="CC" />
			<Option target="Debug" />
			<Option target="Release" />
			<Option target="DLL" />
		</Unit>
		<Unit filename="ascmem.h">
			<Option target="Debug" />
			<Option target="Release" />
			<Option target="DLL" />
		</Unit>
		<Unit filename="config.h">
			<Option target="Debug" />
			<Option target="Release" />
			<Option target="DLL" />
		</Unit>
		<Unit filename="raudio.c">
			<Option compilerVar="CC" />
			<Option target="Debug" />
			<Option target="Release" />
			<Option target="DLL" />
		</Unit>
		<Unit filename="raudio.h">
			<Option target="Debug" />
			<Option target="Release" />
			<Option target="DLL" />
		</Unit>
		<Unit filename="raymath.h">
			<Option target="Debug" />
			<Option target="Release" />
			<Option target="Test" />
			<Option target="DLL" />
		</Unit>
		<Unit filename="rcore.c">
			<Option compilerVar="CC" />
			<Option target="Debug" />
			<Option target="Release" />
			<Option target="DLL" />
		</Unit>
		<Unit filename="rglfw.c">
			<Option compilerVar="CC" />
			<Option target="Debug" />
			<Option target="Release" />
			<Option target="DLL" />
		</Unit>
		<Unit filename="rlgl.h">
			<Option target="Debug" />
			<Option target="Release" />
			<Option target="DLL" />
		</Unit>
		<Unit filename="rshapes.c">
			<Option compilerVar="CC" />
			<Option target="Debug" />
			<Option target="Release" />
			<Option target="DLL" />
		</Unit>
		<Unit filename="rtext.c">
			<Option compilerVar="CC" />
			<Option target="Debug" />
			<Option target="Release" />
			<Option target="DLL" />
		</Unit>
		<Unit filename="rtextures.c">
			<Option compilerVar="CC" />
			<Option target="Debug" />
			<Option target="Release" />
			<Option target="DLL" />
		</Unit>
		<Unit filename="utils.c">
			<Option compilerVar="CC" />
			<Option target="Debug" />
			<Option target="Release" />
			<Option target="DLL" />
		</Unit>
		<Unit filename="utils.h">
			<Option target="Debug" />
			<Option target="Release" />
			<Option target="DLL" />
		</Unit>
		<Extensions />
	</Project>
</CodeBlocks_project_file>
